// !$*UTF8*$!
{
	archiveVersion = 1;
	classes = {
	};
	objectVersion = 50;
	objects = {

/* Begin PBXBuildFile section */
		D84D6E2421E44A530078B49B /* AppDelegate.swift in Sources */ = {isa = PBXBuildFile; fileRef = D84D6E2321E44A530078B49B /* AppDelegate.swift */; };
		D84D6E2621E44A530078B49B /* PersonViewController.swift in Sources */ = {isa = PBXBuildFile; fileRef = D84D6E2521E44A530078B49B /* PersonViewController.swift */; };
		D84D6E2921E44A530078B49B /* Main.storyboard in Resources */ = {isa = PBXBuildFile; fileRef = D84D6E2721E44A530078B49B /* Main.storyboard */; };
		D84D6E2B21E44A540078B49B /* Assets.xcassets in Resources */ = {isa = PBXBuildFile; fileRef = D84D6E2A21E44A540078B49B /* Assets.xcassets */; };
		D84D6E2E21E44A540078B49B /* LaunchScreen.storyboard in Resources */ = {isa = PBXBuildFile; fileRef = D84D6E2C21E44A540078B49B /* LaunchScreen.storyboard */; };
		D8FF634C21E956BF00CCCBE3 /* CategoryViewController.swift in Sources */ = {isa = PBXBuildFile; fileRef = D8FF634B21E956BF00CCCBE3 /* CategoryViewController.swift */; };
		E3CCAFD253EF16E927082BBF /* Pods_R_M_Wiki.framework in Frameworks */ = {isa = PBXBuildFile; fileRef = EEC0524C7FBCDBB64C441843 /* Pods_R_M_Wiki.framework */; };
/* End PBXBuildFile section */

/* Begin PBXFileReference section */
		84CD595148095EA913AE382E /* Pods-R&M Wiki.debug.xcconfig */ = {isa = PBXFileReference; includeInIndex = 1; lastKnownFileType = text.xcconfig; name = "Pods-R&M Wiki.debug.xcconfig"; path = "Pods/Target Support Files/Pods-R&M Wiki/Pods-R&M Wiki.debug.xcconfig"; sourceTree = "<group>"; };
		B3DE34018B057D3C50E6C6FD /* Pods-R&M Wiki.release.xcconfig */ = {isa = PBXFileReference; includeInIndex = 1; lastKnownFileType = text.xcconfig; name = "Pods-R&M Wiki.release.xcconfig"; path = "Pods/Target Support Files/Pods-R&M Wiki/Pods-R&M Wiki.release.xcconfig"; sourceTree = "<group>"; };
		D84D6E2021E44A530078B49B /* R&M Wiki.app */ = {isa = PBXFileReference; explicitFileType = wrapper.application; includeInIndex = 0; path = "R&M Wiki.app"; sourceTree = BUILT_PRODUCTS_DIR; };
		D84D6E2321E44A530078B49B /* AppDelegate.swift */ = {isa = PBXFileReference; lastKnownFileType = sourcecode.swift; path = AppDelegate.swift; sourceTree = "<group>"; };
		D84D6E2521E44A530078B49B /* PersonViewController.swift */ = {isa = PBXFileReference; lastKnownFileType = sourcecode.swift; path = PersonViewController.swift; sourceTree = "<group>"; };
		D84D6E2821E44A530078B49B /* Base */ = {isa = PBXFileReference; lastKnownFileType = file.storyboard; name = Base; path = Base.lproj/Main.storyboard; sourceTree = "<group>"; };
		D84D6E2A21E44A540078B49B /* Assets.xcassets */ = {isa = PBXFileReference; lastKnownFileType = folder.assetcatalog; path = Assets.xcassets; sourceTree = "<group>"; };
		D84D6E2D21E44A540078B49B /* Base */ = {isa = PBXFileReference; lastKnownFileType = file.storyboard; name = Base; path = Base.lproj/LaunchScreen.storyboard; sourceTree = "<group>"; };
		D84D6E2F21E44A540078B49B /* Info.plist */ = {isa = PBXFileReference; lastKnownFileType = text.plist.xml; path = Info.plist; sourceTree = "<group>"; };
		D8FF634B21E956BF00CCCBE3 /* CategoryViewController.swift */ = {isa = PBXFileReference; lastKnownFileType = sourcecode.swift; path = CategoryViewController.swift; sourceTree = "<group>"; };
		EEC0524C7FBCDBB64C441843 /* Pods_R_M_Wiki.framework */ = {isa = PBXFileReference; explicitFileType = wrapper.framework; includeInIndex = 0; path = Pods_R_M_Wiki.framework; sourceTree = BUILT_PRODUCTS_DIR; };
/* End PBXFileReference section */

/* Begin PBXFrameworksBuildPhase section */
		D84D6E1D21E44A530078B49B /* Frameworks */ = {
			isa = PBXFrameworksBuildPhase;
			buildActionMask = 2147483647;
			files = (
				E3CCAFD253EF16E927082BBF /* Pods_R_M_Wiki.framework in Frameworks */,
			);
			runOnlyForDeploymentPostprocessing = 0;
		};
/* End PBXFrameworksBuildPhase section */

/* Begin PBXGroup section */
		A0CB7DACCFE567060EA3C76A /* Frameworks */ = {
			isa = PBXGroup;
			children = (
				EEC0524C7FBCDBB64C441843 /* Pods_R_M_Wiki.framework */,
			);
			name = Frameworks;
			sourceTree = "<group>";
		};
		B101928AE2194454CBEC96FE /* Pods */ = {
			isa = PBXGroup;
			children = (
				84CD595148095EA913AE382E /* Pods-R&M Wiki.debug.xcconfig */,
				B3DE34018B057D3C50E6C6FD /* Pods-R&M Wiki.release.xcconfig */,
			);
			name = Pods;
			sourceTree = "<group>";
		};
		D84D6E1721E44A530078B49B = {
			isa = PBXGroup;
			children = (
				D84D6E2221E44A530078B49B /* R&M Wiki */,
				D84D6E2121E44A530078B49B /* Products */,
				B101928AE2194454CBEC96FE /* Pods */,
				A0CB7DACCFE567060EA3C76A /* Frameworks */,
			);
			sourceTree = "<group>";
		};
		D84D6E2121E44A530078B49B /* Products */ = {
			isa = PBXGroup;
			children = (
				D84D6E2021E44A530078B49B /* R&M Wiki.app */,
			);
			name = Products;
			sourceTree = "<group>";
		};
		D84D6E2221E44A530078B49B /* R&M Wiki */ = {
			isa = PBXGroup;
			children = (
				D84D6E2F21E44A540078B49B /* Info.plist */,
				D8A842FD21E909EE00E4A7E1 /* Controller */,
				D8A8430021E90A0C00E4A7E1 /* Model */,
				D8A842FE21E909F700E4A7E1 /* View */,
				D8A8430121E90A2C00E4A7E1 /* SupportingFiles */,
			);
			path = "R&M Wiki";
			sourceTree = "<group>";
		};
		D8A842FD21E909EE00E4A7E1 /* Controller */ = {
			isa = PBXGroup;
			children = (
				D84D6E2321E44A530078B49B /* AppDelegate.swift */,
				D84D6E2521E44A530078B49B /* PersonViewController.swift */,
				D8FF634B21E956BF00CCCBE3 /* CategoryViewController.swift */,
			);
			path = Controller;
			sourceTree = "<group>";
		};
		D8A842FE21E909F700E4A7E1 /* View */ = {
			isa = PBXGroup;
			children = (
				D84D6E2C21E44A540078B49B /* LaunchScreen.storyboard */,
				D84D6E2721E44A530078B49B /* Main.storyboard */,
			);
			path = View;
			sourceTree = "<group>";
		};
		D8A8430021E90A0C00E4A7E1 /* Model */ = {
			isa = PBXGroup;
			children = (
			);
			path = Model;
			sourceTree = "<group>";
		};
		D8A8430121E90A2C00E4A7E1 /* SupportingFiles */ = {
			isa = PBXGroup;
			children = (
				D84D6E2A21E44A540078B49B /* Assets.xcassets */,
			);
			path = SupportingFiles;
			sourceTree = "<group>";
		};
/* End PBXGroup section */

/* Begin PBXNativeTarget section */
		D84D6E1F21E44A530078B49B /* R&M Wiki */ = {
			isa = PBXNativeTarget;
			buildConfigurationList = D84D6E3221E44A540078B49B /* Build configuration list for PBXNativeTarget "R&M Wiki" */;
			buildPhases = (
				A3C8BC42A916512612F1BAA1 /* [CP] Check Pods Manifest.lock */,
				D84D6E1C21E44A530078B49B /* Sources */,
				D84D6E1D21E44A530078B49B /* Frameworks */,
				D84D6E1E21E44A530078B49B /* Resources */,
				F56B3B8222D95B697BB82273 /* [CP] Embed Pods Frameworks */,
			);
			buildRules = (
			);
			dependencies = (
			);
			name = "R&M Wiki";
			productName = "R&M Wiki";
			productReference = D84D6E2021E44A530078B49B /* R&M Wiki.app */;
			productType = "com.apple.product-type.application";
		};
/* End PBXNativeTarget section */

/* Begin PBXProject section */
		D84D6E1821E44A530078B49B /* Project object */ = {
			isa = PBXProject;
			attributes = {
				LastSwiftUpdateCheck = 1010;
				LastUpgradeCheck = 1010;
				ORGANIZATIONNAME = "Joe Hernandez";
				TargetAttributes = {
					D84D6E1F21E44A530078B49B = {
						CreatedOnToolsVersion = 10.1;
					};
				};
			};
			buildConfigurationList = D84D6E1B21E44A530078B49B /* Build configuration list for PBXProject "R&M Wiki" */;
			compatibilityVersion = "Xcode 9.3";
			developmentRegion = en;
			hasScannedForEncodings = 0;
			knownRegions = (
				en,
				Base,
			);
			mainGroup = D84D6E1721E44A530078B49B;
			productRefGroup = D84D6E2121E44A530078B49B /* Products */;
			projectDirPath = "";
			projectRoot = "";
			targets = (
				D84D6E1F21E44A530078B49B /* R&M Wiki */,
			);
		};
/* End PBXProject section */

/* Begin PBXResourcesBuildPhase section */
		D84D6E1E21E44A530078B49B /* Resources */ = {
			isa = PBXResourcesBuildPhase;
			buildActionMask = 2147483647;
			files = (
				D84D6E2E21E44A540078B49B /* LaunchScreen.storyboard in Resources */,
				D84D6E2B21E44A540078B49B /* Assets.xcassets in Resources */,
				D84D6E2921E44A530078B49B /* Main.storyboard in Resources */,
			);
			runOnlyForDeploymentPostprocessing = 0;
		};
/* End PBXResourcesBuildPhase section */

/* Begin PBXShellScriptBuildPhase section */
		A3C8BC42A916512612F1BAA1 /* [CP] Check Pods Manifest.lock */ = {
			isa = PBXShellScriptBuildPhase;
			buildActionMask = 2147483647;
			files = (
			);
			inputFileListPaths = (
			);
			inputPaths = (
				"${PODS_PODFILE_DIR_PATH}/Podfile.lock",
				"${PODS_ROOT}/Manifest.lock",
			);
			name = "[CP] Check Pods Manifest.lock";
			outputFileListPaths = (
			);
			outputPaths = (
				"$(DERIVED_FILE_DIR)/Pods-R&M Wiki-checkManifestLockResult.txt",
			);
			runOnlyForDeploymentPostprocessing = 0;
			shellPath = /bin/sh;
			shellScript = "diff \"${PODS_PODFILE_DIR_PATH}/Podfile.lock\" \"${PODS_ROOT}/Manifest.lock\" > /dev/null\nif [ $? != 0 ] ; then\n    # print error to STDERR\n    echo \"error: The sandbox is not in sync with the Podfile.lock. Run 'pod install' or update your CocoaPods installation.\" >&2\n    exit 1\nfi\n# This output is used by Xcode 'outputs' to avoid re-running this script phase.\necho \"SUCCESS\" > \"${SCRIPT_OUTPUT_FILE_0}\"\n";
			showEnvVarsInLog = 0;
		};
		F56B3B8222D95B697BB82273 /* [CP] Embed Pods Frameworks */ = {
			isa = PBXShellScriptBuildPhase;
			buildActionMask = 2147483647;
			files = (
			);
			inputFileListPaths = (
			);
			inputPaths = (
				"${SRCROOT}/Pods/Target Support Files/Pods-R&M Wiki/Pods-R&M Wiki-frameworks.sh",
				"${BUILT_PRODUCTS_DIR}/Alamofire/Alamofire.framework",
				"${BUILT_PRODUCTS_DIR}/SwiftyJSON/SwiftyJSON.framework",
			);
			name = "[CP] Embed Pods Frameworks";
			outputFileListPaths = (
			);
			outputPaths = (
				"${TARGET_BUILD_DIR}/${FRAMEWORKS_FOLDER_PATH}/Alamofire.framework",
				"${TARGET_BUILD_DIR}/${FRAMEWORKS_FOLDER_PATH}/SwiftyJSON.framework",
			);
			runOnlyForDeploymentPostprocessing = 0;
			shellPath = /bin/sh;
			shellScript = "\"${SRCROOT}/Pods/Target Support Files/Pods-R&M Wiki/Pods-R&M Wiki-frameworks.sh\"\n";
			showEnvVarsInLog = 0;
		};
/* End PBXShellScriptBuildPhase section */

/* Begin PBXSourcesBuildPhase section */
		D84D6E1C21E44A530078B49B /* Sources */ = {
			isa = PBXSourcesBuildPhase;
			buildActionMask = 2147483647;
			files = (
				D84D6E2621E44A530078B49B /* PersonViewController.swift in Sources */,
				D8FF634C21E956BF00CCCBE3 /* CategoryViewController.swift in Sources */,
				D84D6E2421E44A530078B49B /* AppDelegate.swift in Sources */,
			);
			runOnlyForDeploymentPostprocessing = 0;
		};
/* End PBXSourcesBuildPhase section */

/* Begin PBXVariantGroup section */
		D84D6E2721E44A530078B49B /* Main.storyboard */ = {
			isa = PBXVariantGroup;
			children = (
				D84D6E2821E44A530078B49B /* Base */,
			);
			name = Main.storyboard;
			sourceTree = "<group>";
		};
		D84D6E2C21E44A540078B49B /* LaunchScreen.storyboard */ = {
			isa = PBXVariantGroup;
			children = (
				D84D6E2D21E44A540078B49B /* Base */,
			);
			name = LaunchScreen.storyboard;
			sourceTree = "<group>";
		};
/* End PBXVariantGroup section */

/* Begin XCBuildConfiguration section */
		D84D6E3021E44A540078B49B /* Debug */ = {
			isa = XCBuildConfiguration;
			buildSettings = {
				ALWAYS_SEARCH_USER_PATHS = NO;
				CLANG_ANALYZER_NONNULL = YES;
				CLANG_ANALYZER_NUMBER_OBJECT_CONVERSION = YES_AGGRESSIVE;
				CLANG_CXX_LANGUAGE_STANDARD = "gnu++14";
				CLANG_CXX_LIBRARY = "libc++";
				CLANG_ENABLE_MODULES = YES;
				CLANG_ENABLE_OBJC_ARC = YES;
				CLANG_ENABLE_OBJC_WEAK = YES;
				CLANG_WARN_BLOCK_CAPTURE_AUTORELEASING = YES;
				CLANG_WARN_BOOL_CONVERSION = YES;
				CLANG_WARN_COMMA = YES;
				CLANG_WARN_CONSTANT_CONVERSION = YES;
				CLANG_WARN_DEPRECATED_OBJC_IMPLEMENTATIONS = YES;
				CLANG_WARN_DIRECT_OBJC_ISA_USAGE = YES_ERROR;
				CLANG_WARN_DOCUMENTATION_COMMENTS = YES;
				CLANG_WARN_EMPTY_BODY = YES;
				CLANG_WARN_ENUM_CONVERSION = YES;
				CLANG_WARN_INFINITE_RECURSION = YES;
				CLANG_WARN_INT_CONVERSION = YES;
				CLANG_WARN_NON_LITERAL_NULL_CONVERSION = YES;
				CLANG_WARN_OBJC_IMPLICIT_RETAIN_SELF = YES;
				CLANG_WARN_OBJC_LITERAL_CONVERSION = YES;
				CLANG_WARN_OBJC_ROOT_CLASS = YES_ERROR;
				CLANG_WARN_RANGE_LOOP_ANALYSIS = YES;
				CLANG_WARN_STRICT_PROTOTYPES = YES;
				CLANG_WARN_SUSPICIOUS_MOVE = YES;
				CLANG_WARN_UNGUARDED_AVAILABILITY = YES_AGGRESSIVE;
				CLANG_WARN_UNREACHABLE_CODE = YES;
				CLANG_WARN__DUPLICATE_METHOD_MATCH = YES;
				CODE_SIGN_IDENTITY = "iPhone Developer";
				COPY_PHASE_STRIP = NO;
				DEBUG_INFORMATION_FORMAT = dwarf;
				ENABLE_STRICT_OBJC_MSGSEND = YES;
				ENABLE_TESTABILITY = YES;
				GCC_C_LANGUAGE_STANDARD = gnu11;
				GCC_DYNAMIC_NO_PIC = NO;
				GCC_NO_COMMON_BLOCKS = YES;
				GCC_OPTIMIZATION_LEVEL = 0;
				GCC_PREPROCESSOR_DEFINITIONS = (
					"DEBUG=1",
					"$(inherited)",
				);
				GCC_WARN_64_TO_32_BIT_CONVERSION = YES;
				GCC_WARN_ABOUT_RETURN_TYPE = YES_ERROR;
				GCC_WARN_UNDECLARED_SELECTOR = YES;
				GCC_WARN_UNINITIALIZED_AUTOS = YES_AGGRESSIVE;
				GCC_WARN_UNUSED_FUNCTION = YES;
				GCC_WARN_UNUSED_VARIABLE = YES;
				IPHONEOS_DEPLOYMENT_TARGET = 12.1;
				MTL_ENABLE_DEBUG_INFO = INCLUDE_SOURCE;
				MTL_FAST_MATH = YES;
				ONLY_ACTIVE_ARCH = YES;
				SDKROOT = iphoneos;
				SWIFT_ACTIVE_COMPILATION_CONDITIONS = DEBUG;
				SWIFT_OPTIMIZATION_LEVEL = "-Onone";
			};
			name = Debug;
		};
		D84D6E3121E44A540078B49B /* Release */ = {
			isa = XCBuildConfiguration;
			buildSettings = {
				ALWAYS_SEARCH_USER_PATHS = NO;
				CLANG_ANALYZER_NONNULL = YES;
				CLANG_ANALYZER_NUMBER_OBJECT_CONVERSION = YES_AGGRESSIVE;
				CLANG_CXX_LANGUAGE_STANDARD = "gnu++14";
				CLANG_CXX_LIBRARY = "libc++";
				CLANG_ENABLE_MODULES = YES;
				CLANG_ENABLE_OBJC_ARC = YES;
				CLANG_ENABLE_OBJC_WEAK = YES;
				CLANG_WARN_BLOCK_CAPTURE_AUTORELEASING = YES;
				CLANG_WARN_BOOL_CONVERSION = YES;
				CLANG_WARN_COMMA = YES;
				CLANG_WARN_CONSTANT_CONVERSION = YES;
				CLANG_WARN_DEPRECATED_OBJC_IMPLEMENTATIONS = YES;
				CLANG_WARN_DIRECT_OBJC_ISA_USAGE = YES_ERROR;
				CLANG_WARN_DOCUMENTATION_COMMENTS = YES;
				CLANG_WARN_EMPTY_BODY = YES;
				CLANG_WARN_ENUM_CONVERSION = YES;
				CLANG_WARN_INFINITE_RECURSION = YES;
				CLANG_WARN_INT_CONVERSION = YES;
				CLANG_WARN_NON_LITERAL_NULL_CONVERSION = YES;
				CLANG_WARN_OBJC_IMPLICIT_RETAIN_SELF = YES;
				CLANG_WARN_OBJC_LITERAL_CONVERSION = YES;
				CLANG_WARN_OBJC_ROOT_CLASS = YES_ERROR;
				CLANG_WARN_RANGE_LOOP_ANALYSIS = YES;
				CLANG_WARN_STRICT_PROTOTYPES = YES;
				CLANG_WARN_SUSPICIOUS_MOVE = YES;
				CLANG_WARN_UNGUARDED_AVAILABILITY = YES_AGGRESSIVE;
				CLANG_WARN_UNREACHABLE_CODE = YES;
				CLANG_WARN__DUPLICATE_METHOD_MATCH = YES;
				CODE_SIGN_IDENTITY = "iPhone Developer";
				COPY_PHASE_STRIP = NO;
				DEBUG_INFORMATION_FORMAT = "dwarf-with-dsym";
				ENABLE_NS_ASSERTIONS = NO;
				ENABLE_STRICT_OBJC_MSGSEND = YES;
				GCC_C_LANGUAGE_STANDARD = gnu11;
				GCC_NO_COMMON_BLOCKS = YES;
				GCC_WARN_64_TO_32_BIT_CONVERSION = YES;
				GCC_WARN_ABOUT_RETURN_TYPE = YES_ERROR;
				GCC_WARN_UNDECLARED_SELECTOR = YES;
				GCC_WARN_UNINITIALIZED_AUTOS = YES_AGGRESSIVE;
				GCC_WARN_UNUSED_FUNCTION = YES;
				GCC_WARN_UNUSED_VARIABLE = YES;
				IPHONEOS_DEPLOYMENT_TARGET = 12.1;
				MTL_ENABLE_DEBUG_INFO = NO;
				MTL_FAST_MATH = YES;
				SDKROOT = iphoneos;
				SWIFT_COMPILATION_MODE = wholemodule;
				SWIFT_OPTIMIZATION_LEVEL = "-O";
				VALIDATE_PRODUCT = YES;
			};
			name = Release;
		};
		D84D6E3321E44A540078B49B /* Debug */ = {
			isa = XCBuildConfiguration;
			baseConfigurationReference = 84CD595148095EA913AE382E /* Pods-R&M Wiki.debug.xcconfig */;
			buildSettings = {
				ASSETCATALOG_COMPILER_APPICON_NAME = AppIcon;
				CODE_SIGN_STYLE = Automatic;
				DEVELOPMENT_TEAM = 97Y579PTKZ;
				INFOPLIST_FILE = "R&M Wiki/Info.plist";
				IPHONEOS_DEPLOYMENT_TARGET = 11.0;
				LD_RUNPATH_SEARCH_PATHS = (
					"$(inherited)",
					"@executable_path/Frameworks",
				);
				PRODUCT_BUNDLE_IDENTIFIER = "com.jarvenu.R-M-Wiki";
				PRODUCT_NAME = "$(TARGET_NAME)";
				SWIFT_VERSION = 4.2;
				TARGETED_DEVICE_FAMILY = 1;
			};
			name = Debug;
		};
		D84D6E3421E44A540078B49B /* Release */ = {
			isa = XCBuildConfiguration;
			baseConfigurationReference = B3DE34018B057D3C50E6C6FD /* Pods-R&M Wiki.release.xcconfig */;
			buildSettings = {
				ASSETCATALOG_COMPILER_APPICON_NAME = AppIcon;
				CODE_SIGN_STYLE = Automatic;
				DEVELOPMENT_TEAM = 97Y579PTKZ;
				INFOPLIST_FILE = "R&M Wiki/Info.plist";
				IPHONEOS_DEPLOYMENT_TARGET = 11.0;
				LD_RUNPATH_SEARCH_PATHS = (
					"$(inherited)",
					"@executable_path/Frameworks",
				);
				PRODUCT_BUNDLE_IDENTIFIER = "com.jarvenu.R-M-Wiki";
				PRODUCT_NAME = "$(TARGET_NAME)";
				SWIFT_VERSION = 4.2;
				TARGETED_DEVICE_FAMILY = 1;
			};
			name = Release;
		};
/* End XCBuildConfiguration section */

/* Begin XCConfigurationList section */
		D84D6E1B21E44A530078B49B /* Build configuration list for PBXProject "R&M Wiki" */ = {
			isa = XCConfigurationList;
			buildConfigurations = (
				D84D6E3021E44A540078B49B /* Debug */,
				D84D6E3121E44A540078B49B /* Release */,
			);
			defaultConfigurationIsVisible = 0;
			defaultConfigurationName = Release;
		};
		D84D6E3221E44A540078B49B /* Build configuration list for PBXNativeTarget "R&M Wiki" */ = {
			isa = XCConfigurationList;
			buildConfigurations = (
				D84D6E3321E44A540078B49B /* Debug */,
				D84D6E3421E44A540078B49B /* Release */,
			);
			defaultConfigurationIsVisible = 0;
			defaultConfigurationName = Release;
		};
/* End XCConfigurationList section */
	};
	rootObject = D84D6E1821E44A530078B49B /* Project object */;
}
